#MicroXplorer Configuration settings - do not modify
ADC1.Channel-11\#ChannelRegularConversion=ADC_CHANNEL_1
ADC1.Channel-13\#ChannelRegularConversion=ADC_CHANNEL_2
ADC1.Channel-14\#ChannelRegularConversion=ADC_CHANNEL_3
ADC1.Channel-15\#ChannelRegularConversion=ADC_CHANNEL_4
ADC1.Channel-16\#ChannelRegularConversion=ADC_CHANNEL_5
ADC1.Channel-17\#ChannelRegularConversion=ADC_CHANNEL_6
ADC1.Channel-18\#ChannelRegularConversion=ADC_CHANNEL_7
ADC1.Channel-19\#ChannelRegularConversion=ADC_CHANNEL_8
ADC1.Channel-20\#ChannelRegularConversion=ADC_CHANNEL_9
ADC1.ClockPrescaler=ADC_CLOCK_SYNC_PCLK_DIV8
ADC1.ContinuousConvMode=ENABLE
ADC1.DMAContinuousRequests=ENABLE
ADC1.DiscontinuousConvMode=DISABLE
ADC1.EOCSelection=ADC_EOC_SINGLE_CONV
ADC1.EnableAnalogWatchDog=false
ADC1.IPParameters=Rank-11\#ChannelRegularConversion,master,Channel-11\#ChannelRegularConversion,SamplingTime-11\#ChannelRegularConversion,NbrOfConversionFlag,InjNumberOfConversion,EnableAnalogWatchDog,NbrOfConversion,ContinuousConvMode,ScanConvMode,DMAContinuousRequests,EOCSelection,DiscontinuousConvMode,ClockPrescaler,Rank-13\#ChannelRegularConversion,Channel-13\#ChannelRegularConversion,SamplingTime-13\#ChannelRegularConversion,Rank-14\#ChannelRegularConversion,Channel-14\#ChannelRegularConversion,SamplingTime-14\#ChannelRegularConversion,Rank-15\#ChannelRegularConversion,Channel-15\#ChannelRegularConversion,SamplingTime-15\#ChannelRegularConversion,Rank-16\#ChannelRegularConversion,Channel-16\#ChannelRegularConversion,SamplingTime-16\#ChannelRegularConversion,Rank-17\#ChannelRegularConversion,Channel-17\#ChannelRegularConversion,SamplingTime-17\#ChannelRegularConversion,Rank-18\#ChannelRegularConversion,Channel-18\#ChannelRegularConversion,SamplingTime-18\#ChannelRegularConversion,Rank-19\#ChannelRegularConversion,Channel-19\#ChannelRegularConversion,SamplingTime-19\#ChannelRegularConversion,Rank-20\#ChannelRegularConversion,Channel-20\#ChannelRegularConversion,SamplingTime-20\#ChannelRegularConversion
ADC1.InjNumberOfConversion=0
ADC1.NbrOfConversion=9
ADC1.NbrOfConversionFlag=1
ADC1.Rank-11\#ChannelRegularConversion=1
ADC1.Rank-13\#ChannelRegularConversion=2
ADC1.Rank-14\#ChannelRegularConversion=3
ADC1.Rank-15\#ChannelRegularConversion=4
ADC1.Rank-16\#ChannelRegularConversion=5
ADC1.Rank-17\#ChannelRegularConversion=6
ADC1.Rank-18\#ChannelRegularConversion=7
ADC1.Rank-19\#ChannelRegularConversion=8
ADC1.Rank-20\#ChannelRegularConversion=9
ADC1.SamplingTime-11\#ChannelRegularConversion=ADC_SAMPLETIME_144CYCLES
ADC1.SamplingTime-13\#ChannelRegularConversion=ADC_SAMPLETIME_144CYCLES
ADC1.SamplingTime-14\#ChannelRegularConversion=ADC_SAMPLETIME_144CYCLES
ADC1.SamplingTime-15\#ChannelRegularConversion=ADC_SAMPLETIME_144CYCLES
ADC1.SamplingTime-16\#ChannelRegularConversion=ADC_SAMPLETIME_144CYCLES
ADC1.SamplingTime-17\#ChannelRegularConversion=ADC_SAMPLETIME_144CYCLES
ADC1.SamplingTime-18\#ChannelRegularConversion=ADC_SAMPLETIME_144CYCLES
ADC1.SamplingTime-19\#ChannelRegularConversion=ADC_SAMPLETIME_144CYCLES
ADC1.SamplingTime-20\#ChannelRegularConversion=ADC_SAMPLETIME_144CYCLES
ADC1.ScanConvMode=ENABLE
ADC1.master=1
Dma.ADC1.0.Direction=DMA_PERIPH_TO_MEMORY
Dma.ADC1.0.FIFOMode=DMA_FIFOMODE_DISABLE
Dma.ADC1.0.Instance=DMA2_Stream0
Dma.ADC1.0.MemDataAlignment=DMA_MDATAALIGN_WORD
Dma.ADC1.0.MemInc=DMA_MINC_ENABLE
Dma.ADC1.0.Mode=DMA_CIRCULAR
Dma.ADC1.0.PeriphDataAlignment=DMA_PDATAALIGN_WORD
Dma.ADC1.0.PeriphInc=DMA_PINC_DISABLE
Dma.ADC1.0.Priority=DMA_PRIORITY_HIGH
Dma.ADC1.0.RequestParameters=Instance,Direction,PeriphInc,MemInc,PeriphDataAlignment,MemDataAlignment,Mode,Priority,FIFOMode
Dma.Request0=ADC1
Dma.RequestsNb=1
File.Version=6
GPIO.groupedBy=Group By Peripherals
KeepUserPlacement=false
Mcu.Family=STM32F4
Mcu.IP0=ADC1
Mcu.IP1=DMA
Mcu.IP10=USART1
Mcu.IP2=I2C2
Mcu.IP3=NVIC
Mcu.IP4=RCC
Mcu.IP5=SYS
Mcu.IP6=TIM3
Mcu.IP7=TIM9
Mcu.IP8=TIM10
Mcu.IP9=TIM11
Mcu.IPNb=11
Mcu.Name=STM32F411C(C-E)Ux
Mcu.Package=UFQFPN48
Mcu.Pin0=PC13-ANTI_TAMP
Mcu.Pin1=PC14-OSC32_IN
Mcu.Pin10=PB0
Mcu.Pin11=PB1
Mcu.Pin12=PB2
Mcu.Pin13=PB10
Mcu.Pin14=PB12
Mcu.Pin15=PB13
Mcu.Pin16=PA9
Mcu.Pin17=PA10
Mcu.Pin18=PA12
Mcu.Pin19=PA13
Mcu.Pin2=PA0-WKUP
Mcu.Pin20=PA14
Mcu.Pin21=PB3
Mcu.Pin22=PB4
Mcu.Pin23=PB5
Mcu.Pin24=PB6
Mcu.Pin25=PB7
Mcu.Pin26=PB8
Mcu.Pin27=VP_SYS_VS_Systick
Mcu.Pin28=VP_TIM3_VS_ClockSourceINT
Mcu.Pin29=VP_TIM9_VS_ClockSourceINT
Mcu.Pin3=PA1
Mcu.Pin30=VP_TIM10_VS_ClockSourceINT
Mcu.Pin31=VP_TIM11_VS_ClockSourceINT
Mcu.Pin4=PA2
Mcu.Pin5=PA3
Mcu.Pin6=PA4
Mcu.Pin7=PA5
Mcu.Pin8=PA6
Mcu.Pin9=PA7
Mcu.PinsNb=32
Mcu.ThirdPartyNb=0
Mcu.UserConstants=
Mcu.UserName=STM32F411CEUx
MxCube.Version=6.3.0
MxDb.Version=DB.6.0.30
NVIC.BusFault_IRQn=true\:0\:0\:false\:false\:true\:false\:false
NVIC.DMA2_Stream0_IRQn=true\:5\:0\:true\:false\:true\:false\:true
NVIC.DebugMonitor_IRQn=true\:0\:0\:false\:false\:true\:false\:false
NVIC.EXTI0_IRQn=true\:1\:0\:true\:false\:true\:true\:true
NVIC.EXTI2_IRQn=true\:2\:0\:true\:false\:true\:true\:true
NVIC.EXTI4_IRQn=true\:1\:0\:true\:false\:true\:true\:true
NVIC.ForceEnableDMAVector=true
NVIC.HardFault_IRQn=true\:0\:0\:false\:false\:true\:false\:false
NVIC.MemoryManagement_IRQn=true\:0\:0\:false\:false\:true\:false\:false
NVIC.NonMaskableInt_IRQn=true\:0\:0\:false\:false\:true\:false\:false
NVIC.PendSV_IRQn=true\:0\:0\:false\:false\:true\:false\:false
NVIC.PriorityGroup=NVIC_PRIORITYGROUP_4
NVIC.SVCall_IRQn=true\:0\:0\:false\:false\:true\:false\:false
NVIC.SysTick_IRQn=true\:0\:0\:true\:false\:true\:false\:true
NVIC.TIM1_BRK_TIM9_IRQn=true\:4\:0\:true\:false\:true\:true\:true
NVIC.TIM1_TRG_COM_TIM11_IRQn=true\:6\:0\:true\:false\:true\:true\:true
NVIC.TIM1_UP_TIM10_IRQn=true\:3\:0\:true\:false\:true\:true\:true
NVIC.TIM3_IRQn=true\:4\:0\:true\:false\:true\:true\:true
NVIC.USART1_IRQn=true\:2\:0\:true\:false\:true\:true\:true
NVIC.UsageFault_IRQn=true\:0\:0\:false\:false\:true\:false\:false
PA0-WKUP.GPIOParameters=GPIO_Label
PA0-WKUP.GPIO_Label=EXIT-WKUP
PA0-WKUP.Locked=true
PA0-WKUP.Signal=GPXTI0
PA1.Locked=true
PA1.Signal=ADCx_IN1
PA10.Mode=Asynchronous
PA10.Signal=USART1_RX
PA12.GPIOParameters=GPIO_PuPd,GPIO_Label
PA12.GPIO_Label=CHRG
PA12.GPIO_PuPd=GPIO_PULLDOWN
PA12.Locked=true
PA12.Signal=GPIO_Input
PA13.Mode=Serial_Wire
PA13.Signal=SYS_JTMS-SWDIO
PA14.Mode=Serial_Wire
PA14.Signal=SYS_JTCK-SWCLK
PA2.Signal=ADCx_IN2
PA3.Signal=ADCx_IN3
PA4.Signal=ADCx_IN4
PA5.Signal=ADCx_IN5
PA6.Signal=ADCx_IN6
PA7.Signal=ADCx_IN7
PA9.Mode=Asynchronous
PA9.Signal=USART1_TX
PB0.Signal=ADCx_IN8
PB1.Signal=ADCx_IN9
PB10.Mode=I2C
PB10.Signal=I2C2_SCL
PB12.GPIOParameters=GPIO_PuPd,GPIO_Label
PB12.GPIO_Label=BOOTH_STATE
PB12.GPIO_PuPd=GPIO_PULLDOWN
PB12.Locked=true
PB12.Signal=GPIO_Input
PB13.GPIOParameters=PinState,GPIO_PuPd,GPIO_Label
PB13.GPIO_Label=BOOTH_LED
PB13.GPIO_PuPd=GPIO_PULLDOWN
PB13.Locked=true
PB13.PinState=GPIO_PIN_SET
PB13.Signal=GPIO_Output
PB2.GPIOParameters=GPIO_Label,GPIO_ModeDefaultEXTI
PB2.GPIO_Label=EXIT_MPU
PB2.GPIO_ModeDefaultEXTI=GPIO_MODE_IT_FALLING
PB2.Locked=true
PB2.Signal=GPXTI2
PB3.Mode=I2C
PB3.Signal=I2C2_SDA
PB4.GPIOParameters=GPIO_Label,GPIO_ModeDefaultEXTI
PB4.GPIO_Label=EXIT_WKUP2
PB4.GPIO_ModeDefaultEXTI=GPIO_MODE_IT_FALLING
PB4.Locked=true
PB4.Signal=GPXTI4
PB5.GPIOParameters=PinState,GPIO_PuPd,GPIO_Label
PB5.GPIO_Label=Power_ON
PB5.GPIO_PuPd=GPIO_PULLDOWN
PB5.Locked=true
PB5.PinState=GPIO_PIN_SET
PB5.Signal=GPIO_Output
PB6.GPIOParameters=PinState,GPIO_PuPd,GPIO_Label
PB6.GPIO_Label=LED_G
PB6.GPIO_PuPd=GPIO_PULLDOWN
PB6.Locked=true
PB6.PinState=GPIO_PIN_SET
PB6.Signal=GPIO_Output
PB7.GPIOParameters=PinState,GPIO_PuPd,GPIO_Label
PB7.GPIO_Label=LED_B
PB7.GPIO_PuPd=GPIO_PULLDOWN
PB7.Locked=true
PB7.PinState=GPIO_PIN_SET
PB7.Signal=GPIO_Output
PB8.GPIOParameters=PinState,GPIO_PuPd,GPIO_Label
PB8.GPIO_Label=RGB_R
PB8.GPIO_PuPd=GPIO_PULLDOWN
PB8.Locked=true
PB8.PinState=GPIO_PIN_SET
PB8.Signal=GPIO_Output
PC13-ANTI_TAMP.GPIOParameters=GPIO_PuPd,GPIO_Label,GPIO_ModeDefaultOutputPP
PC13-ANTI_TAMP.GPIO_Label=Motor
PC13-ANTI_TAMP.GPIO_ModeDefaultOutputPP=GPIO_MODE_OUTPUT_PP
PC13-ANTI_TAMP.GPIO_PuPd=GPIO_PULLDOWN
PC13-ANTI_TAMP.Locked=true
PC13-ANTI_TAMP.Signal=GPIO_Output
PC14-OSC32_IN.GPIOParameters=PinState,GPIO_PuPd,GPIO_Label
PC14-OSC32_IN.GPIO_Label=PWR_EN
PC14-OSC32_IN.GPIO_PuPd=GPIO_PULLDOWN
PC14-OSC32_IN.Locked=true
PC14-OSC32_IN.PinState=GPIO_PIN_SET
PC14-OSC32_IN.Signal=GPIO_Output
PinOutPanel.RotationAngle=0
ProjectManager.AskForMigrate=true
ProjectManager.BackupPrevious=false
ProjectManager.CompilerOptimize=6
ProjectManager.ComputerToolchain=false
ProjectManager.CoupleFile=true
ProjectManager.CustomerFirmwarePackage=
ProjectManager.DefaultFWLocation=true
ProjectManager.DeletePrevious=true
ProjectManager.DeviceId=STM32F411CEUx
ProjectManager.FirmwarePackage=STM32Cube FW_F4 V1.26.2
ProjectManager.FreePins=false
ProjectManager.HalAssertFull=false
ProjectManager.HeapSize=0x200
ProjectManager.KeepUserCode=true
ProjectManager.LastFirmware=true
ProjectManager.LibraryCopy=1
ProjectManager.MainLocation=Core/Src
ProjectManager.NoMain=false
ProjectManager.PreviousToolchain=STM32CubeIDE
ProjectManager.ProjectBuild=false
ProjectManager.ProjectFileName=User_Armlet.ioc
ProjectManager.ProjectName=User_Armlet
ProjectManager.RegisterCallBack=
ProjectManager.StackSize=0x400
ProjectManager.TargetToolchain=MDK-ARM V5.32
ProjectManager.ToolChainLocation=
ProjectManager.UnderRoot=false
ProjectManager.functionlistsort=1-MX_GPIO_Init-GPIO-false-HAL-true,2-SystemClock_Config-RCC-false-HAL-false,3-MX_ADC1_Init-ADC1-false-HAL-true,4-MX_I2C2_Init-I2C2-false-HAL-true,5-MX_USART1_UART_Init-USART1-false-HAL-true,6-MX_TIM10_Init-TIM10-false-HAL-true,7-MX_TIM11_Init-TIM11-false-HAL-true,8-MX_TIM3_Init-TIM3-false-HAL-true,9-MX_DMA_Init-DMA-false-HAL-true,10-MX_TIM9_Init-TIM9-false-HAL-true
RCC.48MHZClocksFreq_Value=50000000
RCC.AHBFreq_Value=100000000
RCC.APB1CLKDivider=RCC_HCLK_DIV2
RCC.APB1Freq_Value=50000000
RCC.APB1TimFreq_Value=100000000
RCC.APB2Freq_Value=100000000
RCC.APB2TimFreq_Value=100000000
RCC.CortexFreq_Value=100000000
RCC.EthernetFreq_Value=100000000
RCC.FCLKCortexFreq_Value=100000000
RCC.FamilyName=M
RCC.HCLKFreq_Value=100000000
RCC.HSE_VALUE=25000000
RCC.HSI_VALUE=16000000
RCC.I2SClocksFreq_Value=96000000
RCC.IPParameters=48MHZClocksFreq_Value,AHBFreq_Value,APB1CLKDivider,APB1Freq_Value,APB1TimFreq_Value,APB2Freq_Value,APB2TimFreq_Value,CortexFreq_Value,EthernetFreq_Value,FCLKCortexFreq_Value,FamilyName,HCLKFreq_Value,HSE_VALUE,HSI_VALUE,I2SClocksFreq_Value,LSE_VALUE,LSI_VALUE,PLLCLKFreq_Value,PLLN,PLLQCLKFreq_Value,RTCFreq_Value,RTCHSEDivFreq_Value,SYSCLKFreq_VALUE,SYSCLKSource,VCOI2SOutputFreq_Value,VCOInputFreq_Value,VCOInputMFreq_Value,VCOOutputFreq_Value,VcooutputI2S
RCC.LSE_VALUE=32768
RCC.LSI_VALUE=32000
RCC.PLLCLKFreq_Value=100000000
RCC.PLLN=200
RCC.PLLQCLKFreq_Value=50000000
RCC.RTCFreq_Value=32000
RCC.RTCHSEDivFreq_Value=12500000
RCC.SYSCLKFreq_VALUE=100000000
RCC.SYSCLKSource=RCC_SYSCLKSOURCE_PLLCLK
RCC.VCOI2SOutputFreq_Value=192000000
RCC.VCOInputFreq_Value=1000000
RCC.VCOInputMFreq_Value=1000000
RCC.VCOOutputFreq_Value=200000000
RCC.VcooutputI2S=96000000
SH.ADCx_IN1.0=ADC1_IN1,IN1
SH.ADCx_IN1.ConfNb=1
SH.ADCx_IN2.0=ADC1_IN2,IN2
SH.ADCx_IN2.ConfNb=1
SH.ADCx_IN3.0=ADC1_IN3,IN3
SH.ADCx_IN3.ConfNb=1
SH.ADCx_IN4.0=ADC1_IN4,IN4
SH.ADCx_IN4.ConfNb=1
SH.ADCx_IN5.0=ADC1_IN5,IN5
SH.ADCx_IN5.ConfNb=1
SH.ADCx_IN6.0=ADC1_IN6,IN6
SH.ADCx_IN6.ConfNb=1
SH.ADCx_IN7.0=ADC1_IN7,IN7
SH.ADCx_IN7.ConfNb=1
SH.ADCx_IN8.0=ADC1_IN8,IN8
SH.ADCx_IN8.ConfNb=1
SH.ADCx_IN9.0=ADC1_IN9,IN9
SH.ADCx_IN9.ConfNb=1
SH.GPXTI0.0=GPIO_EXTI0
SH.GPXTI0.ConfNb=1
SH.GPXTI2.0=GPIO_EXTI2
SH.GPXTI2.ConfNb=1
SH.GPXTI4.0=GPIO_EXTI4
SH.GPXTI4.ConfNb=1
TIM10.IPParameters=Prescaler,Period
TIM10.Period=1999
TIM10.Prescaler=99
TIM11.IPParameters=Prescaler,Period
TIM11.Period=49999
TIM11.Prescaler=99
TIM3.IPParameters=Prescaler,Period
TIM3.Period=50000
TIM3.Prescaler=999
TIM9.IPParameters=Prescaler,Period
TIM9.Period=1000
TIM9.Prescaler=999
USART1.BaudRate=460800
USART1.IPParameters=VirtualMode,BaudRate
USART1.VirtualMode=VM_ASYNC
VP_SYS_VS_Systick.Mode=SysTick
VP_SYS_VS_Systick.Signal=SYS_VS_Systick
VP_TIM10_VS_ClockSourceINT.Mode=Enable_Timer
VP_TIM10_VS_ClockSourceINT.Signal=TIM10_VS_ClockSourceINT
VP_TIM11_VS_ClockSourceINT.Mode=Enable_Timer
VP_TIM11_VS_ClockSourceINT.Signal=TIM11_VS_ClockSourceINT
VP_TIM3_VS_ClockSourceINT.Mode=Internal
VP_TIM3_VS_ClockSourceINT.Signal=TIM3_VS_ClockSourceINT
VP_TIM9_VS_ClockSourceINT.Mode=Internal
VP_TIM9_VS_ClockSourceINT.Signal=TIM9_VS_ClockSourceINT
board=custom
